{
  "name": "validaciones",
  "version": "1.0.0",
  "lockfileVersion": 1,
  "requires": true,
  "dependencies": {
    "systemjs": {
      "version": "6.1.4",
      "resolved": "https://registry.npmjs.org/systemjs/-/systemjs-6.1.4.tgz",
      "integrity": "sha512-cFaMv91IpjxfsRvaqnUpWlCYy2kNsTHJyKZB25X393+AaZBAyGZdUU/gWZnlIW/mEd5a5ymsOm7X2IEMYdo37g=="
    }
  }
}
